
Microsoft Visual Studio Solution File, Format Version 12.00
# Visual Studio Version 17
VisualStudioVersion = 17.14.37203.1 d17.14
MinimumVisualStudioVersion = 10.0.40219.1
Project("{FAE04EC0-301F-11D3-BF4B-00C04F79EFBC}") = "COMPSCI221", "COMPSCI221.csproj", "{D9DACDE7-20D3-40BA-A5C6-0C95D3FE376C}"
EndProject
Global
	GlobalSection(SolutionConfigurationPlatforms) = preSolution
		Debug|Any CPU = Debug|Any CPU
		Release|Any CPU = Release|Any CPU
	EndGlobalSection
	GlobalSection(ProjectConfigurationPlatforms) = postSolution
		{D9DACDE7-20D3-40BA-A5C6-0C95D3FE376C}.Debug|Any CPU.ActiveCfg = Debug|Any CPU
		{D9DACDE7-20D3-40BA-A5C6-0C95D3FE376C}.Debug|Any CPU.Build.0 = Debug|Any CPU
		{D9DACDE7-20D3-40BA-A5C6-0C95D3FE376C}.Release|Any CPU.ActiveCfg = Release|Any CPU
		{D9DACDE7-20D3-40BA-A5C6-0C95D3FE376C}.Release|Any CPU.Build.0 = Release|Any CPU
	EndGlobalSection
	GlobalSection(SolutionProperties) = preSolution
		HideSolutionNode = FALSE
	EndGlobalSection
	GlobalSection(ExtensibilityGlobals) = postSolution
		SolutionGuid = {90B5113F-545F-4CE2-B55B-8A7CC7BD7CC2}
	EndGlobalSection
EndGlobal
